PODS:
  - CocoaAsyncSocket (7.6.5)
  - device_info_plus (0.0.1):
    - Flutter
  - Flutter (1.0.0)
  - flutter_native_splash (2.4.3):
    - Flutter
  - flutter_secure_storage_darwin (10.0.0):
    - Flutter
    - FlutterMacOS
  - integration_test (0.0.1):
    - Flutter
  - irondash_engine_context (0.0.1):
    - Flutter
  - patrol (0.0.1):
    - CocoaAsyncSocket (~> 7.6)
    - Flutter
    - FlutterMacOS
  - shared_preferences_foundation (0.0.1):
    - Flutter
    - FlutterMacOS
  - super_native_extensions (0.0.1):
    - Flutter
  - url_launcher_ios (0.0.1):
    - Flutter

DEPENDENCIES:
  - device_info_plus (from `.symlinks/plugins/device_info_plus/ios`)
  - Flutter (from `Flutter`)
  - flutter_native_splash (from `.symlinks/plugins/flutter_native_splash/ios`)
  - flutter_secure_storage_darwin (from `.symlinks/plugins/flutter_secure_storage_darwin/darwin`)
  - integration_test (from `.symlinks/plugins/integration_test/ios`)
  - irondash_engine_context (from `.symlinks/plugins/irondash_engine_context/ios`)
  - patrol (from `.symlinks/plugins/patrol/darwin`)
  - shared_preferences_foundation (from `.symlinks/plugins/shared_preferences_foundation/darwin`)
  - super_native_extensions (from `.symlinks/plugins/super_native_extensions/ios`)
  - url_launcher_ios (from `.symlinks/plugins/url_launcher_ios/ios`)

SPEC REPOS:
  trunk:
    - CocoaAsyncSocket

EXTERNAL SOURCES:
  device_info_plus:
    :path: ".symlinks/plugins/device_info_plus/ios"
  Flutter:
    :path: Flutter
  flutter_native_splash:
    :path: ".symlinks/plugins/flutter_native_splash/ios"
  flutter_secure_storage_darwin:
    :path: ".symlinks/plugins/flutter_secure_storage_darwin/darwin"
  integration_test:
    :path: ".symlinks/plugins/integration_test/ios"
  irondash_engine_context:
    :path: ".symlinks/plugins/irondash_engine_context/ios"
  patrol:
    :path: ".symlinks/plugins/patrol/darwin"
  shared_preferences_foundation:
    :path: ".symlinks/plugins/shared_preferences_foundation/darwin"
  super_native_extensions:
    :path: ".symlinks/plugins/super_native_extensions/ios"
  url_launcher_ios:
    :path: ".symlinks/plugins/url_launcher_ios/ios"

SPEC CHECKSUMS:
  CocoaAsyncSocket: 065fd1e645c7abab64f7a6a2007a48038fdc6a99
  device_info_plus: 21fcca2080fbcd348be798aa36c3e5ed849eefbe
  Flutter: cabc95a1d2626b1b06e7179b784ebcf0c0cde467
  flutter_native_splash: c32d145d68aeda5502d5f543ee38c192065986cf
  flutter_secure_storage_darwin: acdb3f316ed05a3e68f856e0353b133eec373a23
  integration_test: 4a889634ef21a45d28d50d622cf412dc6d9f586e
  irondash_engine_context: 8e58ca8e0212ee9d1c7dc6a42121849986c88486
  patrol: cea8074f183a2a4232d0ebd10569ae05149ada42
  shared_preferences_foundation: 7036424c3d8ec98dfe75ff1667cb0cd531ec82bb
  super_native_extensions: b763c02dc3a8fd078389f410bf15149179020cb4
  url_launcher_ios: 7a95fa5b60cc718a708b8f2966718e93db0cef1b

PODFILE CHECKSUM: babef526b8c52b4c179d43bcd97f33a019b0e51c

COCOAPODS: 1.16.2
